
Microsoft Visual Studio Solution File, Format Version 12.00
# Visual Studio Version 16
VisualStudioVersion = 16.0.29728.190
MinimumVisualStudioVersion = 10.0.40219.1
Project("{FAE04EC0-301F-11D3-BF4B-00C04F79EFBC}") = "WindowsFormsTest", "WindowsFormsTest\WindowsFormsTest.csproj", "{864D22EB-DA1C-4E99-BE4A-60DBAF4932C7}"
EndProject
Global
	GlobalSection(SolutionConfigurationPlatforms) = preSolution
		Debug|Any CPU = Debug|Any CPU
		Release|Any CPU = Release|Any CPU
	EndGlobalSection
	GlobalSection(ProjectConfigurationPlatforms) = postSolution
		{864D22EB-DA1C-4E99-BE4A-60DBAF4932C7}.Debug|Any CPU.ActiveCfg = Debug|Any CPU
		{864D22EB-DA1C-4E99-BE4A-60DBAF4932C7}.Debug|Any CPU.Build.0 = Debug|Any CPU
		{864D22EB-DA1C-4E99-BE4A-60DBAF4932C7}.Release|Any CPU.ActiveCfg = Release|Any CPU
		{864D22EB-DA1C-4E99-BE4A-60DBAF4932C7}.Release|Any CPU.Build.0 = Release|Any CPU
	EndGlobalSection
	GlobalSection(SolutionProperties) = preSolution
		HideSolutionNode = FALSE
	EndGlobalSection
	GlobalSection(ExtensibilityGlobals) = postSolution
		SolutionGuid = {A08E5BD6-71D4-49C0-87BC-30E44ECFDEC7}
	EndGlobalSection
EndGlobal
